
Microsoft Visual Studio Solution File, Format Version 12.00
# Visual Studio Version 16
VisualStudioVersion = 16.0.35229.62
MinimumVisualStudioVersion = 10.0.40219.1
Project("{8BC9CEB8-8B4A-11D0-8D11-00A0C91BC942}") = "liblzma-static", "liblzma-static\liblzma-static.vcxproj", "{0C10EB04-F9D4-4F41-97C1-2C7154B3D818}"
EndProject
Project("{8BC9CEB8-8B4A-11D0-8D11-00A0C91BC942}") = "liblzma", "liblzma\liblzma.vcxproj", "{1168C399-9B61-4A7E-821A-7E06DBEABD2D}"
EndProject
Project("{8BC9CEB8-8B4A-11D0-8D11-00A0C91BC942}") = "xz", "xz\xz.vcxproj", "{D6CA065A-71C9-4B1E-98FF-770C1521D744}"
	ProjectSection(ProjectDependencies) = postProject
		{1168C399-9B61-4A7E-821A-7E06DBEABD2D} = {1168C399-9B61-4A7E-821A-7E06DBEABD2D}
	EndProjectSection
EndProject
Project("{8BC9CEB8-8B4A-11D0-8D11-00A0C91BC942}") = "xz-static", "xz-static\xz-static.vcxproj", "{2ADB4F7D-7FA7-4B40-9C4B-768951883102}"
	ProjectSection(ProjectDependencies) = postProject
		{0C10EB04-F9D4-4F41-97C1-2C7154B3D818} = {0C10EB04-F9D4-4F41-97C1-2C7154B3D818}
	EndProjectSection
EndProject
Project("{8BC9CEB8-8B4A-11D0-8D11-00A0C91BC942}") = "xzdec", "xzdec\xzdec.vcxproj", "{E2E2E492-A606-4A4F-99EF-1D685DAEF0C6}"
	ProjectSection(ProjectDependencies) = postProject
		{1168C399-9B61-4A7E-821A-7E06DBEABD2D} = {1168C399-9B61-4A7E-821A-7E06DBEABD2D}
	EndProjectSection
EndProject
Project("{8BC9CEB8-8B4A-11D0-8D11-00A0C91BC942}") = "xzdec-static", "xzdec-static\xzdec-static.vcxproj", "{024ACCE2-8DA9-4703-B772-99B00C15BF15}"
	ProjectSection(ProjectDependencies) = postProject
		{0C10EB04-F9D4-4F41-97C1-2C7154B3D818} = {0C10EB04-F9D4-4F41-97C1-2C7154B3D818}
	EndProjectSection
EndProject
Project("{2150E333-8FDC-42A3-9474-1A3956D46DE8}") = "tests", "tests", "{DB7257BC-9741-442A-A613-EFE10AE0A415}"
EndProject
Project("{8BC9CEB8-8B4A-11D0-8D11-00A0C91BC942}") = "create_compress_files", "tests\create_compress_files\create_compress_files.vcxproj", "{62B13CAB-7CD9-4044-8449-EB5036BBD9C8}"
	ProjectSection(ProjectDependencies) = postProject
		{1168C399-9B61-4A7E-821A-7E06DBEABD2D} = {1168C399-9B61-4A7E-821A-7E06DBEABD2D}
	EndProjectSection
EndProject
Project("{8BC9CEB8-8B4A-11D0-8D11-00A0C91BC942}") = "test_bcj_exact_size", "tests\test_bcj_exact_size\test_bcj_exact_size.vcxproj", "{A0E3C701-B59C-4F10-A3A7-256A16BCDDF7}"
	ProjectSection(ProjectDependencies) = postProject
		{1168C399-9B61-4A7E-821A-7E06DBEABD2D} = {1168C399-9B61-4A7E-821A-7E06DBEABD2D}
	EndProjectSection
EndProject
Project("{8BC9CEB8-8B4A-11D0-8D11-00A0C91BC942}") = "test_block_header", "tests\test_block_header\test_block_header.vcxproj", "{0A06D620-63A4-40CD-B866-06753C26B57B}"
	ProjectSection(ProjectDependencies) = postProject
		{1168C399-9B61-4A7E-821A-7E06DBEABD2D} = {1168C399-9B61-4A7E-821A-7E06DBEABD2D}
	EndProjectSection
EndProject
Project("{8BC9CEB8-8B4A-11D0-8D11-00A0C91BC942}") = "test_check", "tests\test_check\test_check.vcxproj", "{991ED3B8-A6A4-4E5F-8DF3-9B077CA9BF1B}"
	ProjectSection(ProjectDependencies) = postProject
		{1168C399-9B61-4A7E-821A-7E06DBEABD2D} = {1168C399-9B61-4A7E-821A-7E06DBEABD2D}
	EndProjectSection
EndProject
Project("{8BC9CEB8-8B4A-11D0-8D11-00A0C91BC942}") = "test_filter_flags", "tests\test_filter_flags\test_filter_flags.vcxproj", "{69D7ED3E-5382-40C2-8560-9DFDCA95D115}"
	ProjectSection(ProjectDependencies) = postProject
		{1168C399-9B61-4A7E-821A-7E06DBEABD2D} = {1168C399-9B61-4A7E-821A-7E06DBEABD2D}
	EndProjectSection
EndProject
Project("{8BC9CEB8-8B4A-11D0-8D11-00A0C91BC942}") = "test_filter_str", "tests\test_filter_str\test_filter_str.vcxproj", "{D4C6FF12-3FB0-480E-AC48-9A561E8923E6}"
	ProjectSection(ProjectDependencies) = postProject
		{1168C399-9B61-4A7E-821A-7E06DBEABD2D} = {1168C399-9B61-4A7E-821A-7E06DBEABD2D}
	EndProjectSection
EndProject
Project("{8BC9CEB8-8B4A-11D0-8D11-00A0C91BC942}") = "test_hardware", "tests\test_hardware\test_hardware.vcxproj", "{08EE5C36-C110-4C1E-899D-0AA135D7EE2F}"
	ProjectSection(ProjectDependencies) = postProject
		{1168C399-9B61-4A7E-821A-7E06DBEABD2D} = {1168C399-9B61-4A7E-821A-7E06DBEABD2D}
	EndProjectSection
EndProject
Project("{8BC9CEB8-8B4A-11D0-8D11-00A0C91BC942}") = "test_index", "tests\test_index\test_index.vcxproj", "{B1A318F5-2AF4-4A79-8141-4DC624C56AA1}"
	ProjectSection(ProjectDependencies) = postProject
		{1168C399-9B61-4A7E-821A-7E06DBEABD2D} = {1168C399-9B61-4A7E-821A-7E06DBEABD2D}
	EndProjectSection
EndProject
Project("{8BC9CEB8-8B4A-11D0-8D11-00A0C91BC942}") = "test_index_hash", "tests\test_index_hash\test_index_hash.vcxproj", "{7CDEEB16-D866-43FF-A4F1-94D1F5F901C5}"
	ProjectSection(ProjectDependencies) = postProject
		{1168C399-9B61-4A7E-821A-7E06DBEABD2D} = {1168C399-9B61-4A7E-821A-7E06DBEABD2D}
	EndProjectSection
EndProject
Project("{8BC9CEB8-8B4A-11D0-8D11-00A0C91BC942}") = "test_lzip_decoder", "tests\test_lzip_decoder\test_lzip_decoder.vcxproj", "{4C1DF09A-1E65-4DD1-B825-CC00564BCA3F}"
	ProjectSection(ProjectDependencies) = postProject
		{1168C399-9B61-4A7E-821A-7E06DBEABD2D} = {1168C399-9B61-4A7E-821A-7E06DBEABD2D}
	EndProjectSection
EndProject
Project("{8BC9CEB8-8B4A-11D0-8D11-00A0C91BC942}") = "test_memlimit", "tests\test_memlimit\test_memlimit.vcxproj", "{9C09DA32-919D-46A2-BA41-271886A9776D}"
	ProjectSection(ProjectDependencies) = postProject
		{1168C399-9B61-4A7E-821A-7E06DBEABD2D} = {1168C399-9B61-4A7E-821A-7E06DBEABD2D}
	EndProjectSection
EndProject
Project("{8BC9CEB8-8B4A-11D0-8D11-00A0C91BC942}") = "test_stream_flags", "tests\test_stream_flags\test_stream_flags.vcxproj", "{A02D4725-7116-4F30-A6B8-EA5DDAB72E20}"
	ProjectSection(ProjectDependencies) = postProject
		{1168C399-9B61-4A7E-821A-7E06DBEABD2D} = {1168C399-9B61-4A7E-821A-7E06DBEABD2D}
	EndProjectSection
EndProject
Project("{8BC9CEB8-8B4A-11D0-8D11-00A0C91BC942}") = "test_vli", "tests\test_vli\test_vli.vcxproj", "{A8F6772A-D45F-49DC-93FB-8758057E2BB9}"
	ProjectSection(ProjectDependencies) = postProject
		{1168C399-9B61-4A7E-821A-7E06DBEABD2D} = {1168C399-9B61-4A7E-821A-7E06DBEABD2D}
	EndProjectSection
EndProject
Project("{8BC9CEB8-8B4A-11D0-8D11-00A0C91BC942}") = "create_compress_files-static", "tests\create_compress_files-static\create_compress_files-static.vcxproj", "{6503224C-E01E-44E4-9D72-D584ECE436F8}"
	ProjectSection(ProjectDependencies) = postProject
		{0C10EB04-F9D4-4F41-97C1-2C7154B3D818} = {0C10EB04-F9D4-4F41-97C1-2C7154B3D818}
	EndProjectSection
EndProject
Project("{8BC9CEB8-8B4A-11D0-8D11-00A0C91BC942}") = "test_bcj_exact_size-static", "tests\test_bcj_exact_size-static\test_bcj_exact_size-static.vcxproj", "{8AF6E948-E80E-4AD2-B81C-F17A18F8DC44}"
	ProjectSection(ProjectDependencies) = postProject
		{0C10EB04-F9D4-4F41-97C1-2C7154B3D818} = {0C10EB04-F9D4-4F41-97C1-2C7154B3D818}
	EndProjectSection
EndProject
Project("{8BC9CEB8-8B4A-11D0-8D11-00A0C91BC942}") = "test_block_header-static", "tests\test_block_header-static\test_block_header-static.vcxproj", "{A60E096E-C6EE-4BAB-97D3-B4A0B325ACED}"
	ProjectSection(ProjectDependencies) = postProject
		{0C10EB04-F9D4-4F41-97C1-2C7154B3D818} = {0C10EB04-F9D4-4F41-97C1-2C7154B3D818}
	EndProjectSection
EndProject
Project("{8BC9CEB8-8B4A-11D0-8D11-00A0C91BC942}") = "test_check-static", "tests\test_check-static\test_check-static.vcxproj", "{8E57E63E-0184-44D5-8E17-1137E60E2B89}"
	ProjectSection(ProjectDependencies) = postProject
		{0C10EB04-F9D4-4F41-97C1-2C7154B3D818} = {0C10EB04-F9D4-4F41-97C1-2C7154B3D818}
	EndProjectSection
EndProject
Project("{8BC9CEB8-8B4A-11D0-8D11-00A0C91BC942}") = "test_filter_flags-static", "tests\test_filter_flags-static\test_filter_flags-static.vcxproj", "{545EE442-1FD4-4CD8-B591-3AC08AFF24EE}"
	ProjectSection(ProjectDependencies) = postProject
		{0C10EB04-F9D4-4F41-97C1-2C7154B3D818} = {0C10EB04-F9D4-4F41-97C1-2C7154B3D818}
	EndProjectSection
EndProject
Project("{8BC9CEB8-8B4A-11D0-8D11-00A0C91BC942}") = "test_filter_str-static", "tests\test_filter_str-static\test_filter_str-static.vcxproj", "{D398994C-392A-46E2-A006-D2DDD16ACB3D}"
	ProjectSection(ProjectDependencies) = postProject
		{0C10EB04-F9D4-4F41-97C1-2C7154B3D818} = {0C10EB04-F9D4-4F41-97C1-2C7154B3D818}
	EndProjectSection
EndProject
Project("{8BC9CEB8-8B4A-11D0-8D11-00A0C91BC942}") = "test_hardware-static", "tests\test_hardware-static\test_hardware-static.vcxproj", "{1074EFDC-4D40-4FAF-87EA-AD1FCAA68137}"
	ProjectSection(ProjectDependencies) = postProject
		{0C10EB04-F9D4-4F41-97C1-2C7154B3D818} = {0C10EB04-F9D4-4F41-97C1-2C7154B3D818}
	EndProjectSection
EndProject
Project("{8BC9CEB8-8B4A-11D0-8D11-00A0C91BC942}") = "test_index-static", "tests\test_index-static\test_index-static.vcxproj", "{FCFD4951-0F2D-4B1D-93A4-C6B36C92E393}"
	ProjectSection(ProjectDependencies) = postProject
		{0C10EB04-F9D4-4F41-97C1-2C7154B3D818} = {0C10EB04-F9D4-4F41-97C1-2C7154B3D818}
	EndProjectSection
EndProject
Project("{8BC9CEB8-8B4A-11D0-8D11-00A0C91BC942}") = "test_index_hash-static", "tests\test_index_hash-static\test_index_hash-static.vcxproj", "{F1DD0B68-3E2D-4AD5-AFC6-6120244F583F}"
	ProjectSection(ProjectDependencies) = postProject
		{0C10EB04-F9D4-4F41-97C1-2C7154B3D818} = {0C10EB04-F9D4-4F41-97C1-2C7154B3D818}
	EndProjectSection
EndProject
Project("{8BC9CEB8-8B4A-11D0-8D11-00A0C91BC942}") = "test_lzip_decoder-static", "tests\test_lzip_decoder-static\test_lzip_decoder-static.vcxproj", "{0A17E809-94FA-49B7-BF2B-F1B67821E519}"
	ProjectSection(ProjectDependencies) = postProject
		{0C10EB04-F9D4-4F41-97C1-2C7154B3D818} = {0C10EB04-F9D4-4F41-97C1-2C7154B3D818}
	EndProjectSection
EndProject
Project("{8BC9CEB8-8B4A-11D0-8D11-00A0C91BC942}") = "test_memlimit-static", "tests\test_memlimit-static\test_memlimit-static.vcxproj", "{A64713FC-BAEE-40D2-982E-9A7FB58F159C}"
	ProjectSection(ProjectDependencies) = postProject
		{0C10EB04-F9D4-4F41-97C1-2C7154B3D818} = {0C10EB04-F9D4-4F41-97C1-2C7154B3D818}
	EndProjectSection
EndProject
Project("{8BC9CEB8-8B4A-11D0-8D11-00A0C91BC942}") = "test_stream_flags-static", "tests\test_stream_flags-static\test_stream_flags-static.vcxproj", "{CD136108-3B27-47BD-8BAE-C7DC572884CD}"
	ProjectSection(ProjectDependencies) = postProject
		{0C10EB04-F9D4-4F41-97C1-2C7154B3D818} = {0C10EB04-F9D4-4F41-97C1-2C7154B3D818}
	EndProjectSection
EndProject
Project("{8BC9CEB8-8B4A-11D0-8D11-00A0C91BC942}") = "test_vli-static", "tests\test_vli-static\test_vli-static.vcxproj", "{8DF113B4-F4FC-4E01-973B-DB6AC32A3CC8}"
	ProjectSection(ProjectDependencies) = postProject
		{0C10EB04-F9D4-4F41-97C1-2C7154B3D818} = {0C10EB04-F9D4-4F41-97C1-2C7154B3D818}
	EndProjectSection
EndProject
Project("{8BC9CEB8-8B4A-11D0-8D11-00A0C91BC942}") = "test_microlzma", "tests\test_microlzma\test_microlzma.vcxproj", "{175EE4C6-EA94-484D-AD69-BC91BD1949A5}"
	ProjectSection(ProjectDependencies) = postProject
		{1168C399-9B61-4A7E-821A-7E06DBEABD2D} = {1168C399-9B61-4A7E-821A-7E06DBEABD2D}
	EndProjectSection
EndProject
Project("{8BC9CEB8-8B4A-11D0-8D11-00A0C91BC942}") = "test_microlzma-static", "tests\test_microlzma-static\test_microlzma-static.vcxproj", "{07F980DD-AF34-4786-B19F-CD1F7162FD25}"
	ProjectSection(ProjectDependencies) = postProject
		{0C10EB04-F9D4-4F41-97C1-2C7154B3D818} = {0C10EB04-F9D4-4F41-97C1-2C7154B3D818}
	EndProjectSection
EndProject
Global
	GlobalSection(SolutionConfigurationPlatforms) = preSolution
		Debug|Win32 = Debug|Win32
		Debug|x64 = Debug|x64
		Release|Win32 = Release|Win32
		Release|x64 = Release|x64
	EndGlobalSection
	GlobalSection(ProjectConfigurationPlatforms) = postSolution
		{0C10EB04-F9D4-4F41-97C1-2C7154B3D818}.Debug|Win32.ActiveCfg = Debug|Win32
		{0C10EB04-F9D4-4F41-97C1-2C7154B3D818}.Debug|Win32.Build.0 = Debug|Win32
		{0C10EB04-F9D4-4F41-97C1-2C7154B3D818}.Debug|x64.ActiveCfg = Debug|x64
		{0C10EB04-F9D4-4F41-97C1-2C7154B3D818}.Debug|x64.Build.0 = Debug|x64
		{0C10EB04-F9D4-4F41-97C1-2C7154B3D818}.Release|Win32.ActiveCfg = Release|Win32
		{0C10EB04-F9D4-4F41-97C1-2C7154B3D818}.Release|Win32.Build.0 = Release|Win32
		{0C10EB04-F9D4-4F41-97C1-2C7154B3D818}.Release|x64.ActiveCfg = Release|x64
		{0C10EB04-F9D4-4F41-97C1-2C7154B3D818}.Release|x64.Build.0 = Release|x64
		{1168C399-9B61-4A7E-821A-7E06DBEABD2D}.Debug|Win32.ActiveCfg = Debug|Win32
		{1168C399-9B61-4A7E-821A-7E06DBEABD2D}.Debug|Win32.Build.0 = Debug|Win32
		{1168C399-9B61-4A7E-821A-7E06DBEABD2D}.Debug|x64.ActiveCfg = Debug|x64
		{1168C399-9B61-4A7E-821A-7E06DBEABD2D}.Debug|x64.Build.0 = Debug|x64
		{1168C399-9B61-4A7E-821A-7E06DBEABD2D}.Release|Win32.ActiveCfg = Release|Win32
		{1168C399-9B61-4A7E-821A-7E06DBEABD2D}.Release|Win32.Build.0 = Release|Win32
		{1168C399-9B61-4A7E-821A-7E06DBEABD2D}.Release|x64.ActiveCfg = Release|x64
		{1168C399-9B61-4A7E-821A-7E06DBEABD2D}.Release|x64.Build.0 = Release|x64
		{D6CA065A-71C9-4B1E-98FF-770C1521D744}.Debug|Win32.ActiveCfg = Debug|Win32
		{D6CA065A-71C9-4B1E-98FF-770C1521D744}.Debug|Win32.Build.0 = Debug|Win32
		{D6CA065A-71C9-4B1E-98FF-770C1521D744}.Debug|x64.ActiveCfg = Debug|x64
		{D6CA065A-71C9-4B1E-98FF-770C1521D744}.Debug|x64.Build.0 = Debug|x64
		{D6CA065A-71C9-4B1E-98FF-770C1521D744}.Release|Win32.ActiveCfg = Release|Win32
		{D6CA065A-71C9-4B1E-98FF-770C1521D744}.Release|Win32.Build.0 = Release|Win32
		{D6CA065A-71C9-4B1E-98FF-770C1521D744}.Release|x64.ActiveCfg = Release|x64
		{D6CA065A-71C9-4B1E-98FF-770C1521D744}.Release|x64.Build.0 = Release|x64
		{2ADB4F7D-7FA7-4B40-9C4B-768951883102}.Debug|Win32.ActiveCfg = Debug|Win32
		{2ADB4F7D-7FA7-4B40-9C4B-768951883102}.Debug|Win32.Build.0 = Debug|Win32
		{2ADB4F7D-7FA7-4B40-9C4B-768951883102}.Debug|x64.ActiveCfg = Debug|x64
		{2ADB4F7D-7FA7-4B40-9C4B-768951883102}.Debug|x64.Build.0 = Debug|x64
		{2ADB4F7D-7FA7-4B40-9C4B-768951883102}.Release|Win32.ActiveCfg = Release|Win32
		{2ADB4F7D-7FA7-4B40-9C4B-768951883102}.Release|Win32.Build.0 = Release|Win32
		{2ADB4F7D-7FA7-4B40-9C4B-768951883102}.Release|x64.ActiveCfg = Release|x64
		{2ADB4F7D-7FA7-4B40-9C4B-768951883102}.Release|x64.Build.0 = Release|x64
		{E2E2E492-A606-4A4F-99EF-1D685DAEF0C6}.Debug|Win32.ActiveCfg = Debug|Win32
		{E2E2E492-A606-4A4F-99EF-1D685DAEF0C6}.Debug|Win32.Build.0 = Debug|Win32
		{E2E2E492-A606-4A4F-99EF-1D685DAEF0C6}.Debug|x64.ActiveCfg = Debug|x64
		{E2E2E492-A606-4A4F-99EF-1D685DAEF0C6}.Debug|x64.Build.0 = Debug|x64
		{E2E2E492-A606-4A4F-99EF-1D685DAEF0C6}.Release|Win32.ActiveCfg = Release|Win32
		{E2E2E492-A606-4A4F-99EF-1D685DAEF0C6}.Release|Win32.Build.0 = Release|Win32
		{E2E2E492-A606-4A4F-99EF-1D685DAEF0C6}.Release|x64.ActiveCfg = Release|x64
		{E2E2E492-A606-4A4F-99EF-1D685DAEF0C6}.Release|x64.Build.0 = Release|x64
		{024ACCE2-8DA9-4703-B772-99B00C15BF15}.Debug|Win32.ActiveCfg = Debug|Win32
		{024ACCE2-8DA9-4703-B772-99B00C15BF15}.Debug|Win32.Build.0 = Debug|Win32
		{024ACCE2-8DA9-4703-B772-99B00C15BF15}.Debug|x64.ActiveCfg = Debug|x64
		{024ACCE2-8DA9-4703-B772-99B00C15BF15}.Debug|x64.Build.0 = Debug|x64
		{024ACCE2-8DA9-4703-B772-99B00C15BF15}.Release|Win32.ActiveCfg = Release|Win32
		{024ACCE2-8DA9-4703-B772-99B00C15BF15}.Release|Win32.Build.0 = Release|Win32
		{024ACCE2-8DA9-4703-B772-99B00C15BF15}.Release|x64.ActiveCfg = Release|x64
		{024ACCE2-8DA9-4703-B772-99B00C15BF15}.Release|x64.Build.0 = Release|x64
		{62B13CAB-7CD9-4044-8449-EB5036BBD9C8}.Debug|Win32.ActiveCfg = Debug|Win32
		{62B13CAB-7CD9-4044-8449-EB5036BBD9C8}.Debug|Win32.Build.0 = Debug|Win32
		{62B13CAB-7CD9-4044-8449-EB5036BBD9C8}.Debug|x64.ActiveCfg = Debug|x64
		{62B13CAB-7CD9-4044-8449-EB5036BBD9C8}.Debug|x64.Build.0 = Debug|x64
		{62B13CAB-7CD9-4044-8449-EB5036BBD9C8}.Release|Win32.ActiveCfg = Release|Win32
		{62B13CAB-7CD9-4044-8449-EB5036BBD9C8}.Release|Win32.Build.0 = Release|Win32
		{62B13CAB-7CD9-4044-8449-EB5036BBD9C8}.Release|x64.ActiveCfg = Release|x64
		{62B13CAB-7CD9-4044-8449-EB5036BBD9C8}.Release|x64.Build.0 = Release|x64
		{A0E3C701-B59C-4F10-A3A7-256A16BCDDF7}.Debug|Win32.ActiveCfg = Debug|Win32
		{A0E3C701-B59C-4F10-A3A7-256A16BCDDF7}.Debug|Win32.Build.0 = Debug|Win32
		{A0E3C701-B59C-4F10-A3A7-256A16BCDDF7}.Debug|x64.ActiveCfg = Debug|x64
		{A0E3C701-B59C-4F10-A3A7-256A16BCDDF7}.Debug|x64.Build.0 = Debug|x64
		{A0E3C701-B59C-4F10-A3A7-256A16BCDDF7}.Release|Win32.ActiveCfg = Release|Win32
		{A0E3C701-B59C-4F10-A3A7-256A16BCDDF7}.Release|Win32.Build.0 = Release|Win32
		{A0E3C701-B59C-4F10-A3A7-256A16BCDDF7}.Release|x64.ActiveCfg = Release|x64
		{A0E3C701-B59C-4F10-A3A7-256A16BCDDF7}.Release|x64.Build.0 = Release|x64
		{0A06D620-63A4-40CD-B866-06753C26B57B}.Debug|Win32.ActiveCfg = Debug|Win32
		{0A06D620-63A4-40CD-B866-06753C26B57B}.Debug|Win32.Build.0 = Debug|Win32
		{0A06D620-63A4-40CD-B866-06753C26B57B}.Debug|x64.ActiveCfg = Debug|x64
		{0A06D620-63A4-40CD-B866-06753C26B57B}.Debug|x64.Build.0 = Debug|x64
		{0A06D620-63A4-40CD-B866-06753C26B57B}.Release|Win32.ActiveCfg = Release|Win32
		{0A06D620-63A4-40CD-B866-06753C26B57B}.Release|Win32.Build.0 = Release|Win32
		{0A06D620-63A4-40CD-B866-06753C26B57B}.Release|x64.ActiveCfg = Release|x64
		{0A06D620-63A4-40CD-B866-06753C26B57B}.Release|x64.Build.0 = Release|x64
		{991ED3B8-A6A4-4E5F-8DF3-9B077CA9BF1B}.Debug|Win32.ActiveCfg = Debug|Win32
		{991ED3B8-A6A4-4E5F-8DF3-9B077CA9BF1B}.Debug|Win32.Build.0 = Debug|Win32
		{991ED3B8-A6A4-4E5F-8DF3-9B077CA9BF1B}.Debug|x64.ActiveCfg = Debug|x64
		{991ED3B8-A6A4-4E5F-8DF3-9B077CA9BF1B}.Debug|x64.Build.0 = Debug|x64
		{991ED3B8-A6A4-4E5F-8DF3-9B077CA9BF1B}.Release|Win32.ActiveCfg = Release|Win32
		{991ED3B8-A6A4-4E5F-8DF3-9B077CA9BF1B}.Release|Win32.Build.0 = Release|Win32
		{991ED3B8-A6A4-4E5F-8DF3-9B077CA9BF1B}.Release|x64.ActiveCfg = Release|x64
		{991ED3B8-A6A4-4E5F-8DF3-9B077CA9BF1B}.Release|x64.Build.0 = Release|x64
		{69D7ED3E-5382-40C2-8560-9DFDCA95D115}.Debug|Win32.ActiveCfg = Debug|Win32
		{69D7ED3E-5382-40C2-8560-9DFDCA95D115}.Debug|Win32.Build.0 = Debug|Win32
		{69D7ED3E-5382-40C2-8560-9DFDCA95D115}.Debug|x64.ActiveCfg = Debug|x64
		{69D7ED3E-5382-40C2-8560-9DFDCA95D115}.Debug|x64.Build.0 = Debug|x64
		{69D7ED3E-5382-40C2-8560-9DFDCA95D115}.Release|Win32.ActiveCfg = Release|Win32
		{69D7ED3E-5382-40C2-8560-9DFDCA95D115}.Release|Win32.Build.0 = Release|Win32
		{69D7ED3E-5382-40C2-8560-9DFDCA95D115}.Release|x64.ActiveCfg = Release|x64
		{69D7ED3E-5382-40C2-8560-9DFDCA95D115}.Release|x64.Build.0 = Release|x64
		{D4C6FF12-3FB0-480E-AC48-9A561E8923E6}.Debug|Win32.ActiveCfg = Debug|Win32
		{D4C6FF12-3FB0-480E-AC48-9A561E8923E6}.Debug|Win32.Build.0 = Debug|Win32
		{D4C6FF12-3FB0-480E-AC48-9A561E8923E6}.Debug|x64.ActiveCfg = Debug|x64
		{D4C6FF12-3FB0-480E-AC48-9A561E8923E6}.Debug|x64.Build.0 = Debug|x64
		{D4C6FF12-3FB0-480E-AC48-9A561E8923E6}.Release|Win32.ActiveCfg = Release|Win32
		{D4C6FF12-3FB0-480E-AC48-9A561E8923E6}.Release|Win32.Build.0 = Release|Win32
		{D4C6FF12-3FB0-480E-AC48-9A561E8923E6}.Release|x64.ActiveCfg = Release|x64
		{D4C6FF12-3FB0-480E-AC48-9A561E8923E6}.Release|x64.Build.0 = Release|x64
		{08EE5C36-C110-4C1E-899D-0AA135D7EE2F}.Debug|Win32.ActiveCfg = Debug|Win32
		{08EE5C36-C110-4C1E-899D-0AA135D7EE2F}.Debug|Win32.Build.0 = Debug|Win32
		{08EE5C36-C110-4C1E-899D-0AA135D7EE2F}.Debug|x64.ActiveCfg = Debug|x64
		{08EE5C36-C110-4C1E-899D-0AA135D7EE2F}.Debug|x64.Build.0 = Debug|x64
		{08EE5C36-C110-4C1E-899D-0AA135D7EE2F}.Release|Win32.ActiveCfg = Release|Win32
		{08EE5C36-C110-4C1E-899D-0AA135D7EE2F}.Release|Win32.Build.0 = Release|Win32
		{08EE5C36-C110-4C1E-899D-0AA135D7EE2F}.Release|x64.ActiveCfg = Release|x64
		{08EE5C36-C110-4C1E-899D-0AA135D7EE2F}.Release|x64.Build.0 = Release|x64
		{B1A318F5-2AF4-4A79-8141-4DC624C56AA1}.Debug|Win32.ActiveCfg = Debug|Win32
		{B1A318F5-2AF4-4A79-8141-4DC624C56AA1}.Debug|Win32.Build.0 = Debug|Win32
		{B1A318F5-2AF4-4A79-8141-4DC624C56AA1}.Debug|x64.ActiveCfg = Debug|x64
		{B1A318F5-2AF4-4A79-8141-4DC624C56AA1}.Debug|x64.Build.0 = Debug|x64
		{B1A318F5-2AF4-4A79-8141-4DC624C56AA1}.Release|Win32.ActiveCfg = Release|Win32
		{B1A318F5-2AF4-4A79-8141-4DC624C56AA1}.Release|Win32.Build.0 = Release|Win32
		{B1A318F5-2AF4-4A79-8141-4DC624C56AA1}.Release|x64.ActiveCfg = Release|x64
		{B1A318F5-2AF4-4A79-8141-4DC624C56AA1}.Release|x64.Build.0 = Release|x64
		{7CDEEB16-D866-43FF-A4F1-94D1F5F901C5}.Debug|Win32.ActiveCfg = Debug|Win32
		{7CDEEB16-D866-43FF-A4F1-94D1F5F901C5}.Debug|Win32.Build.0 = Debug|Win32
		{7CDEEB16-D866-43FF-A4F1-94D1F5F901C5}.Debug|x64.ActiveCfg = Debug|x64
		{7CDEEB16-D866-43FF-A4F1-94D1F5F901C5}.Debug|x64.Build.0 = Debug|x64
		{7CDEEB16-D866-43FF-A4F1-94D1F5F901C5}.Release|Win32.ActiveCfg = Release|Win32
		{7CDEEB16-D866-43FF-A4F1-94D1F5F901C5}.Release|Win32.Build.0 = Release|Win32
		{7CDEEB16-D866-43FF-A4F1-94D1F5F901C5}.Release|x64.ActiveCfg = Release|x64
		{7CDEEB16-D866-43FF-A4F1-94D1F5F901C5}.Release|x64.Build.0 = Release|x64
		{4C1DF09A-1E65-4DD1-B825-CC00564BCA3F}.Debug|Win32.ActiveCfg = Debug|Win32
		{4C1DF09A-1E65-4DD1-B825-CC00564BCA3F}.Debug|Win32.Build.0 = Debug|Win32
		{4C1DF09A-1E65-4DD1-B825-CC00564BCA3F}.Debug|x64.ActiveCfg = Debug|x64
		{4C1DF09A-1E65-4DD1-B825-CC00564BCA3F}.Debug|x64.Build.0 = Debug|x64
		{4C1DF09A-1E65-4DD1-B825-CC00564BCA3F}.Release|Win32.ActiveCfg = Release|Win32
		{4C1DF09A-1E65-4DD1-B825-CC00564BCA3F}.Release|Win32.Build.0 = Release|Win32
		{4C1DF09A-1E65-4DD1-B825-CC00564BCA3F}.Release|x64.ActiveCfg = Release|x64
		{4C1DF09A-1E65-4DD1-B825-CC00564BCA3F}.Release|x64.Build.0 = Release|x64
		{9C09DA32-919D-46A2-BA41-271886A9776D}.Debug|Win32.ActiveCfg = Debug|Win32
		{9C09DA32-919D-46A2-BA41-271886A9776D}.Debug|Win32.Build.0 = Debug|Win32
		{9C09DA32-919D-46A2-BA41-271886A9776D}.Debug|x64.ActiveCfg = Debug|x64
		{9C09DA32-919D-46A2-BA41-271886A9776D}.Debug|x64.Build.0 = Debug|x64
		{9C09DA32-919D-46A2-BA41-271886A9776D}.Release|Win32.ActiveCfg = Release|Win32
		{9C09DA32-919D-46A2-BA41-271886A9776D}.Release|Win32.Build.0 = Release|Win32
		{9C09DA32-919D-46A2-BA41-271886A9776D}.Release|x64.ActiveCfg = Release|x64
		{9C09DA32-919D-46A2-BA41-271886A9776D}.Release|x64.Build.0 = Release|x64
		{A02D4725-7116-4F30-A6B8-EA5DDAB72E20}.Debug|Win32.ActiveCfg = Debug|Win32
		{A02D4725-7116-4F30-A6B8-EA5DDAB72E20}.Debug|Win32.Build.0 = Debug|Win32
		{A02D4725-7116-4F30-A6B8-EA5DDAB72E20}.Debug|x64.ActiveCfg = Debug|x64
		{A02D4725-7116-4F30-A6B8-EA5DDAB72E20}.Debug|x64.Build.0 = Debug|x64
		{A02D4725-7116-4F30-A6B8-EA5DDAB72E20}.Release|Win32.ActiveCfg = Release|Win32
		{A02D4725-7116-4F30-A6B8-EA5DDAB72E20}.Release|Win32.Build.0 = Release|Win32
		{A02D4725-7116-4F30-A6B8-EA5DDAB72E20}.Release|x64.ActiveCfg = Release|x64
		{A02D4725-7116-4F30-A6B8-EA5DDAB72E20}.Release|x64.Build.0 = Release|x64
		{A8F6772A-D45F-49DC-93FB-8758057E2BB9}.Debug|Win32.ActiveCfg = Debug|Win32
		{A8F6772A-D45F-49DC-93FB-8758057E2BB9}.Debug|Win32.Build.0 = Debug|Win32
		{A8F6772A-D45F-49DC-93FB-8758057E2BB9}.Debug|x64.ActiveCfg = Debug|x64
		{A8F6772A-D45F-49DC-93FB-8758057E2BB9}.Debug|x64.Build.0 = Debug|x64
		{A8F6772A-D45F-49DC-93FB-8758057E2BB9}.Release|Win32.ActiveCfg = Release|Win32
		{A8F6772A-D45F-49DC-93FB-8758057E2BB9}.Release|Win32.Build.0 = Release|Win32
		{A8F6772A-D45F-49DC-93FB-8758057E2BB9}.Release|x64.ActiveCfg = Release|x64
		{A8F6772A-D45F-49DC-93FB-8758057E2BB9}.Release|x64.Build.0 = Release|x64
		{6503224C-E01E-44E4-9D72-D584ECE436F8}.Debug|Win32.ActiveCfg = Debug|Win32
		{6503224C-E01E-44E4-9D72-D584ECE436F8}.Debug|Win32.Build.0 = Debug|Win32
		{6503224C-E01E-44E4-9D72-D584ECE436F8}.Debug|x64.ActiveCfg = Debug|x64
		{6503224C-E01E-44E4-9D72-D584ECE436F8}.Debug|x64.Build.0 = Debug|x64
		{6503224C-E01E-44E4-9D72-D584ECE436F8}.Release|Win32.ActiveCfg = Release|Win32
		{6503224C-E01E-44E4-9D72-D584ECE436F8}.Release|Win32.Build.0 = Release|Win32
		{6503224C-E01E-44E4-9D72-D584ECE436F8}.Release|x64.ActiveCfg = Release|x64
		{6503224C-E01E-44E4-9D72-D584ECE436F8}.Release|x64.Build.0 = Release|x64
		{8AF6E948-E80E-4AD2-B81C-F17A18F8DC44}.Debug|Win32.ActiveCfg = Debug|Win32
		{8AF6E948-E80E-4AD2-B81C-F17A18F8DC44}.Debug|Win32.Build.0 = Debug|Win32
		{8AF6E948-E80E-4AD2-B81C-F17A18F8DC44}.Debug|x64.ActiveCfg = Debug|x64
		{8AF6E948-E80E-4AD2-B81C-F17A18F8DC44}.Debug|x64.Build.0 = Debug|x64
		{8AF6E948-E80E-4AD2-B81C-F17A18F8DC44}.Release|Win32.ActiveCfg = Release|Win32
		{8AF6E948-E80E-4AD2-B81C-F17A18F8DC44}.Release|Win32.Build.0 = Release|Win32
		{8AF6E948-E80E-4AD2-B81C-F17A18F8DC44}.Release|x64.ActiveCfg = Release|x64
		{8AF6E948-E80E-4AD2-B81C-F17A18F8DC44}.Release|x64.Build.0 = Release|x64
		{A60E096E-C6EE-4BAB-97D3-B4A0B325ACED}.Debug|Win32.ActiveCfg = Debug|Win32
		{A60E096E-C6EE-4BAB-97D3-B4A0B325ACED}.Debug|Win32.Build.0 = Debug|Win32
		{A60E096E-C6EE-4BAB-97D3-B4A0B325ACED}.Debug|x64.ActiveCfg = Debug|x64
		{A60E096E-C6EE-4BAB-97D3-B4A0B325ACED}.Debug|x64.Build.0 = Debug|x64
		{A60E096E-C6EE-4BAB-97D3-B4A0B325ACED}.Release|Win32.ActiveCfg = Release|Win32
		{A60E096E-C6EE-4BAB-97D3-B4A0B325ACED}.Release|Win32.Build.0 = Release|Win32
		{A60E096E-C6EE-4BAB-97D3-B4A0B325ACED}.Release|x64.ActiveCfg = Release|x64
		{A60E096E-C6EE-4BAB-97D3-B4A0B325ACED}.Release|x64.Build.0 = Release|x64
		{8E57E63E-0184-44D5-8E17-1137E60E2B89}.Debug|Win32.ActiveCfg = Debug|Win32
		{8E57E63E-0184-44D5-8E17-1137E60E2B89}.Debug|Win32.Build.0 = Debug|Win32
		{8E57E63E-0184-44D5-8E17-1137E60E2B89}.Debug|x64.ActiveCfg = Debug|x64
		{8E57E63E-0184-44D5-8E17-1137E60E2B89}.Debug|x64.Build.0 = Debug|x64
		{8E57E63E-0184-44D5-8E17-1137E60E2B89}.Release|Win32.ActiveCfg = Release|Win32
		{8E57E63E-0184-44D5-8E17-1137E60E2B89}.Release|Win32.Build.0 = Release|Win32
		{8E57E63E-0184-44D5-8E17-1137E60E2B89}.Release|x64.ActiveCfg = Release|x64
		{8E57E63E-0184-44D5-8E17-1137E60E2B89}.Release|x64.Build.0 = Release|x64
		{545EE442-1FD4-4CD8-B591-3AC08AFF24EE}.Debug|Win32.ActiveCfg = Debug|Win32
		{545EE442-1FD4-4CD8-B591-3AC08AFF24EE}.Debug|Win32.Build.0 = Debug|Win32
		{545EE442-1FD4-4CD8-B591-3AC08AFF24EE}.Debug|x64.ActiveCfg = Debug|x64
		{545EE442-1FD4-4CD8-B591-3AC08AFF24EE}.Debug|x64.Build.0 = Debug|x64
		{545EE442-1FD4-4CD8-B591-3AC08AFF24EE}.Release|Win32.ActiveCfg = Release|Win32
		{545EE442-1FD4-4CD8-B591-3AC08AFF24EE}.Release|Win32.Build.0 = Release|Win32
		{545EE442-1FD4-4CD8-B591-3AC08AFF24EE}.Release|x64.ActiveCfg = Release|x64
		{545EE442-1FD4-4CD8-B591-3AC08AFF24EE}.Release|x64.Build.0 = Release|x64
		{D398994C-392A-46E2-A006-D2DDD16ACB3D}.Debug|Win32.ActiveCfg = Debug|Win32
		{D398994C-392A-46E2-A006-D2DDD16ACB3D}.Debug|Win32.Build.0 = Debug|Win32
		{D398994C-392A-46E2-A006-D2DDD16ACB3D}.Debug|x64.ActiveCfg = Debug|x64
		{D398994C-392A-46E2-A006-D2DDD16ACB3D}.Debug|x64.Build.0 = Debug|x64
		{D398994C-392A-46E2-A006-D2DDD16ACB3D}.Release|Win32.ActiveCfg = Release|Win32
		{D398994C-392A-46E2-A006-D2DDD16ACB3D}.Release|Win32.Build.0 = Release|Win32
		{D398994C-392A-46E2-A006-D2DDD16ACB3D}.Release|x64.ActiveCfg = Release|x64
		{D398994C-392A-46E2-A006-D2DDD16ACB3D}.Release|x64.Build.0 = Release|x64
		{1074EFDC-4D40-4FAF-87EA-AD1FCAA68137}.Debug|Win32.ActiveCfg = Debug|Win32
		{1074EFDC-4D40-4FAF-87EA-AD1FCAA68137}.Debug|Win32.Build.0 = Debug|Win32
		{1074EFDC-4D40-4FAF-87EA-AD1FCAA68137}.Debug|x64.ActiveCfg = Debug|x64
		{1074EFDC-4D40-4FAF-87EA-AD1FCAA68137}.Debug|x64.Build.0 = Debug|x64
		{1074EFDC-4D40-4FAF-87EA-AD1FCAA68137}.Release|Win32.ActiveCfg = Release|Win32
		{1074EFDC-4D40-4FAF-87EA-AD1FCAA68137}.Release|Win32.Build.0 = Release|Win32
		{1074EFDC-4D40-4FAF-87EA-AD1FCAA68137}.Release|x64.ActiveCfg = Release|x64
		{1074EFDC-4D40-4FAF-87EA-AD1FCAA68137}.Release|x64.Build.0 = Release|x64
		{FCFD4951-0F2D-4B1D-93A4-C6B36C92E393}.Debug|Win32.ActiveCfg = Debug|Win32
		{FCFD4951-0F2D-4B1D-93A4-C6B36C92E393}.Debug|Win32.Build.0 = Debug|Win32
		{FCFD4951-0F2D-4B1D-93A4-C6B36C92E393}.Debug|x64.ActiveCfg = Debug|x64
		{FCFD4951-0F2D-4B1D-93A4-C6B36C92E393}.Debug|x64.Build.0 = Debug|x64
		{FCFD4951-0F2D-4B1D-93A4-C6B36C92E393}.Release|Win32.ActiveCfg = Release|Win32
		{FCFD4951-0F2D-4B1D-93A4-C6B36C92E393}.Release|Win32.Build.0 = Release|Win32
		{FCFD4951-0F2D-4B1D-93A4-C6B36C92E393}.Release|x64.ActiveCfg = Release|x64
		{FCFD4951-0F2D-4B1D-93A4-C6B36C92E393}.Release|x64.Build.0 = Release|x64
		{F1DD0B68-3E2D-4AD5-AFC6-6120244F583F}.Debug|Win32.ActiveCfg = Debug|Win32
		{F1DD0B68-3E2D-4AD5-AFC6-6120244F583F}.Debug|Win32.Build.0 = Debug|Win32
		{F1DD0B68-3E2D-4AD5-AFC6-6120244F583F}.Debug|x64.ActiveCfg = Debug|x64
		{F1DD0B68-3E2D-4AD5-AFC6-6120244F583F}.Debug|x64.Build.0 = Debug|x64
		{F1DD0B68-3E2D-4AD5-AFC6-6120244F583F}.Release|Win32.ActiveCfg = Release|Win32
		{F1DD0B68-3E2D-4AD5-AFC6-6120244F583F}.Release|Win32.Build.0 = Release|Win32
		{F1DD0B68-3E2D-4AD5-AFC6-6120244F583F}.Release|x64.ActiveCfg = Release|x64
		{F1DD0B68-3E2D-4AD5-AFC6-6120244F583F}.Release|x64.Build.0 = Release|x64
		{0A17E809-94FA-49B7-BF2B-F1B67821E519}.Debug|Win32.ActiveCfg = Debug|Win32
		{0A17E809-94FA-49B7-BF2B-F1B67821E519}.Debug|Win32.Build.0 = Debug|Win32
		{0A17E809-94FA-49B7-BF2B-F1B67821E519}.Debug|x64.ActiveCfg = Debug|x64
		{0A17E809-94FA-49B7-BF2B-F1B67821E519}.Debug|x64.Build.0 = Debug|x64
		{0A17E809-94FA-49B7-BF2B-F1B67821E519}.Release|Win32.ActiveCfg = Release|Win32
		{0A17E809-94FA-49B7-BF2B-F1B67821E519}.Release|Win32.Build.0 = Release|Win32
		{0A17E809-94FA-49B7-BF2B-F1B67821E519}.Release|x64.ActiveCfg = Release|x64
		{0A17E809-94FA-49B7-BF2B-F1B67821E519}.Release|x64.Build.0 = Release|x64
		{A64713FC-BAEE-40D2-982E-9A7FB58F159C}.Debug|Win32.ActiveCfg = Debug|Win32
		{A64713FC-BAEE-40D2-982E-9A7FB58F159C}.Debug|Win32.Build.0 = Debug|Win32
		{A64713FC-BAEE-40D2-982E-9A7FB58F159C}.Debug|x64.ActiveCfg = Debug|x64
		{A64713FC-BAEE-40D2-982E-9A7FB58F159C}.Debug|x64.Build.0 = Debug|x64
		{A64713FC-BAEE-40D2-982E-9A7FB58F159C}.Release|Win32.ActiveCfg = Release|Win32
		{A64713FC-BAEE-40D2-982E-9A7FB58F159C}.Release|Win32.Build.0 = Release|Win32
		{A64713FC-BAEE-40D2-982E-9A7FB58F159C}.Release|x64.ActiveCfg = Release|x64
		{A64713FC-BAEE-40D2-982E-9A7FB58F159C}.Release|x64.Build.0 = Release|x64
		{CD136108-3B27-47BD-8BAE-C7DC572884CD}.Debug|Win32.ActiveCfg = Debug|Win32
		{CD136108-3B27-47BD-8BAE-C7DC572884CD}.Debug|Win32.Build.0 = Debug|Win32
		{CD136108-3B27-47BD-8BAE-C7DC572884CD}.Debug|x64.ActiveCfg = Debug|x64
		{CD136108-3B27-47BD-8BAE-C7DC572884CD}.Debug|x64.Build.0 = Debug|x64
		{CD136108-3B27-47BD-8BAE-C7DC572884CD}.Release|Win32.ActiveCfg = Release|Win32
		{CD136108-3B27-47BD-8BAE-C7DC572884CD}.Release|Win32.Build.0 = Release|Win32
		{CD136108-3B27-47BD-8BAE-C7DC572884CD}.Release|x64.ActiveCfg = Release|x64
		{CD136108-3B27-47BD-8BAE-C7DC572884CD}.Release|x64.Build.0 = Release|x64
		{8DF113B4-F4FC-4E01-973B-DB6AC32A3CC8}.Debug|Win32.ActiveCfg = Debug|Win32
		{8DF113B4-F4FC-4E01-973B-DB6AC32A3CC8}.Debug|Win32.Build.0 = Debug|Win32
		{8DF113B4-F4FC-4E01-973B-DB6AC32A3CC8}.Debug|x64.ActiveCfg = Debug|x64
		{8DF113B4-F4FC-4E01-973B-DB6AC32A3CC8}.Debug|x64.Build.0 = Debug|x64
		{8DF113B4-F4FC-4E01-973B-DB6AC32A3CC8}.Release|Win32.ActiveCfg = Release|Win32
		{8DF113B4-F4FC-4E01-973B-DB6AC32A3CC8}.Release|Win32.Build.0 = Release|Win32
		{8DF113B4-F4FC-4E01-973B-DB6AC32A3CC8}.Release|x64.ActiveCfg = Release|x64
		{8DF113B4-F4FC-4E01-973B-DB6AC32A3CC8}.Release|x64.Build.0 = Release|x64
		{175EE4C6-EA94-484D-AD69-BC91BD1949A5}.Debug|Win32.ActiveCfg = Debug|Win32
		{175EE4C6-EA94-484D-AD69-BC91BD1949A5}.Debug|Win32.Build.0 = Debug|Win32
		{175EE4C6-EA94-484D-AD69-BC91BD1949A5}.Debug|x64.ActiveCfg = Debug|x64
		{175EE4C6-EA94-484D-AD69-BC91BD1949A5}.Debug|x64.Build.0 = Debug|x64
		{175EE4C6-EA94-484D-AD69-BC91BD1949A5}.Release|Win32.ActiveCfg = Release|Win32
		{175EE4C6-EA94-484D-AD69-BC91BD1949A5}.Release|Win32.Build.0 = Release|Win32
		{175EE4C6-EA94-484D-AD69-BC91BD1949A5}.Release|x64.ActiveCfg = Release|x64
		{175EE4C6-EA94-484D-AD69-BC91BD1949A5}.Release|x64.Build.0 = Release|x64
		{07F980DD-AF34-4786-B19F-CD1F7162FD25}.Debug|Win32.ActiveCfg = Debug|Win32
		{07F980DD-AF34-4786-B19F-CD1F7162FD25}.Debug|Win32.Build.0 = Debug|Win32
		{07F980DD-AF34-4786-B19F-CD1F7162FD25}.Debug|x64.ActiveCfg = Debug|x64
		{07F980DD-AF34-4786-B19F-CD1F7162FD25}.Debug|x64.Build.0 = Debug|x64
		{07F980DD-AF34-4786-B19F-CD1F7162FD25}.Release|Win32.ActiveCfg = Release|Win32
		{07F980DD-AF34-4786-B19F-CD1F7162FD25}.Release|Win32.Build.0 = Release|Win32
		{07F980DD-AF34-4786-B19F-CD1F7162FD25}.Release|x64.ActiveCfg = Release|x64
		{07F980DD-AF34-4786-B19F-CD1F7162FD25}.Release|x64.Build.0 = Release|x64
	EndGlobalSection
	GlobalSection(SolutionProperties) = preSolution
		HideSolutionNode = FALSE
	EndGlobalSection
	GlobalSection(NestedProjects) = preSolution
		{62B13CAB-7CD9-4044-8449-EB5036BBD9C8} = {DB7257BC-9741-442A-A613-EFE10AE0A415}
		{A0E3C701-B59C-4F10-A3A7-256A16BCDDF7} = {DB7257BC-9741-442A-A613-EFE10AE0A415}
		{0A06D620-63A4-40CD-B866-06753C26B57B} = {DB7257BC-9741-442A-A613-EFE10AE0A415}
		{991ED3B8-A6A4-4E5F-8DF3-9B077CA9BF1B} = {DB7257BC-9741-442A-A613-EFE10AE0A415}
		{69D7ED3E-5382-40C2-8560-9DFDCA95D115} = {DB7257BC-9741-442A-A613-EFE10AE0A415}
		{D4C6FF12-3FB0-480E-AC48-9A561E8923E6} = {DB7257BC-9741-442A-A613-EFE10AE0A415}
		{08EE5C36-C110-4C1E-899D-0AA135D7EE2F} = {DB7257BC-9741-442A-A613-EFE10AE0A415}
		{B1A318F5-2AF4-4A79-8141-4DC624C56AA1} = {DB7257BC-9741-442A-A613-EFE10AE0A415}
		{7CDEEB16-D866-43FF-A4F1-94D1F5F901C5} = {DB7257BC-9741-442A-A613-EFE10AE0A415}
		{4C1DF09A-1E65-4DD1-B825-CC00564BCA3F} = {DB7257BC-9741-442A-A613-EFE10AE0A415}
		{9C09DA32-919D-46A2-BA41-271886A9776D} = {DB7257BC-9741-442A-A613-EFE10AE0A415}
		{A02D4725-7116-4F30-A6B8-EA5DDAB72E20} = {DB7257BC-9741-442A-A613-EFE10AE0A415}
		{A8F6772A-D45F-49DC-93FB-8758057E2BB9} = {DB7257BC-9741-442A-A613-EFE10AE0A415}
		{6503224C-E01E-44E4-9D72-D584ECE436F8} = {DB7257BC-9741-442A-A613-EFE10AE0A415}
		{8AF6E948-E80E-4AD2-B81C-F17A18F8DC44} = {DB7257BC-9741-442A-A613-EFE10AE0A415}
		{A60E096E-C6EE-4BAB-97D3-B4A0B325ACED} = {DB7257BC-9741-442A-A613-EFE10AE0A415}
		{8E57E63E-0184-44D5-8E17-1137E60E2B89} = {DB7257BC-9741-442A-A613-EFE10AE0A415}
		{545EE442-1FD4-4CD8-B591-3AC08AFF24EE} = {DB7257BC-9741-442A-A613-EFE10AE0A415}
		{D398994C-392A-46E2-A006-D2DDD16ACB3D} = {DB7257BC-9741-442A-A613-EFE10AE0A415}
		{1074EFDC-4D40-4FAF-87EA-AD1FCAA68137} = {DB7257BC-9741-442A-A613-EFE10AE0A415}
		{FCFD4951-0F2D-4B1D-93A4-C6B36C92E393} = {DB7257BC-9741-442A-A613-EFE10AE0A415}
		{F1DD0B68-3E2D-4AD5-AFC6-6120244F583F} = {DB7257BC-9741-442A-A613-EFE10AE0A415}
		{0A17E809-94FA-49B7-BF2B-F1B67821E519} = {DB7257BC-9741-442A-A613-EFE10AE0A415}
		{A64713FC-BAEE-40D2-982E-9A7FB58F159C} = {DB7257BC-9741-442A-A613-EFE10AE0A415}
		{CD136108-3B27-47BD-8BAE-C7DC572884CD} = {DB7257BC-9741-442A-A613-EFE10AE0A415}
		{8DF113B4-F4FC-4E01-973B-DB6AC32A3CC8} = {DB7257BC-9741-442A-A613-EFE10AE0A415}
		{175EE4C6-EA94-484D-AD69-BC91BD1949A5} = {DB7257BC-9741-442A-A613-EFE10AE0A415}
		{07F980DD-AF34-4786-B19F-CD1F7162FD25} = {DB7257BC-9741-442A-A613-EFE10AE0A415}
	EndGlobalSection
	GlobalSection(ExtensibilityGlobals) = postSolution
		SolutionGuid = {7B22A952-E90D-435D-8580-37D8AD119187}
	EndGlobalSection
EndGlobal
